// !$*UTF8*$!
{
	archiveVersion = 1;
	classes = {
	};
	objectVersion = 50;
	objects = {

/* Begin PBXBuildFile section */
		CC827F2424E8E6390081D245 /* AppDelegate.swift in Sources */ = {isa = PBXBuildFile; fileRef = CC827F2324E8E6390081D245 /* AppDelegate.swift */; };
		CC827F2624E8E6390081D245 /* SceneDelegate.swift in Sources */ = {isa = PBXBuildFile; fileRef = CC827F2524E8E6390081D245 /* SceneDelegate.swift */; };
		CC827F2824E8E6390081D245 /* FirstViewController.swift in Sources */ = {isa = PBXBuildFile; fileRef = CC827F2724E8E6390081D245 /* FirstViewController.swift */; };
		CC827F2A24E8E6390081D245 /* SecondViewController.swift in Sources */ = {isa = PBXBuildFile; fileRef = CC827F2924E8E6390081D245 /* SecondViewController.swift */; };
		CC827F2D24E8E6390081D245 /* Main.storyboard in Resources */ = {isa = PBXBuildFile; fileRef = CC827F2B24E8E6390081D245 /* Main.storyboard */; };
		CC827F2F24E8E63B0081D245 /* Assets.xcassets in Resources */ = {isa = PBXBuildFile; fileRef = CC827F2E24E8E63B0081D245 /* Assets.xcassets */; };
		CC827F3224E8E63B0081D245 /* LaunchScreen.storyboard in Resources */ = {isa = PBXBuildFile; fileRef = CC827F3024E8E63B0081D245 /* LaunchScreen.storyboard */; };
/* End PBXBuildFile section */

/* Begin PBXFileReference section */
		CC827F2024E8E6390081D245 /* CSIA.app */ = {isa = PBXFileReference; explicitFileType = wrapper.application; includeInIndex = 0; path = CSIA.app; sourceTree = BUILT_PRODUCTS_DIR; };
		CC827F2324E8E6390081D245 /* AppDelegate.swift */ = {isa = PBXFileReference; lastKnownFileType = sourcecode.swift; path = AppDelegate.swift; sourceTree = "<group>"; };
		CC827F2524E8E6390081D245 /* SceneDelegate.swift */ = {isa = PBXFileReference; lastKnownFileType = sourcecode.swift; path = SceneDelegate.swift; sourceTree = "<group>"; };
		CC827F2724E8E6390081D245 /* FirstViewController.swift */ = {isa = PBXFileReference; lastKnownFileType = sourcecode.swift; path = FirstViewController.swift; sourceTree = "<group>"; };
		CC827F2924E8E6390081D245 /* SecondViewController.swift */ = {isa = PBXFileReference; lastKnownFileType = sourcecode.swift; path = SecondViewController.swift; sourceTree = "<group>"; };
		CC827F2C24E8E6390081D245 /* Base */ = {isa = PBXFileReference; lastKnownFileType = file.storyboard; name = Base; path = Base.lproj/Main.storyboard; sourceTree = "<group>"; };
		CC827F2E24E8E63B0081D245 /* Assets.xcassets */ = {isa = PBXFileReference; lastKnownFileType = folder.assetcatalog; path = Assets.xcassets; sourceTree = "<group>"; };
		CC827F3124E8E63B0081D245 /* Base */ = {isa = PBXFileReference; lastKnownFileType = file.storyboard; name = Base; path = Base.lproj/LaunchScreen.storyboard; sourceTree = "<group>"; };
		CC827F3324E8E63B0081D245 /* Info.plist */ = {isa = PBXFileReference; lastKnownFileType = text.plist.xml; path = Info.plist; sourceTree = "<group>"; };
/* End PBXFileReference section */

/* Begin PBXFrameworksBuildPhase section */
		CC827F1D24E8E6390081D245 /* Frameworks */ = {
			isa = PBXFrameworksBuildPhase;
			buildActionMask = 2147483647;
			files = (
			);
			runOnlyForDeploymentPostprocessing = 0;
		};
/* End PBXFrameworksBuildPhase section */

/* Begin PBXGroup section */
		CC827F1724E8E6390081D245 = {
			isa = PBXGroup;
			children = (
				CC827F2224E8E6390081D245 /* CSIA */,
				CC827F2124E8E6390081D245 /* Products */,
			);
			sourceTree = "<group>";
		};
		CC827F2124E8E6390081D245 /* Products */ = {
			isa = PBXGroup;
			children = (
				CC827F2024E8E6390081D245 /* CSIA.app */,
			);
			name = Products;
			sourceTree = "<group>";
		};
		CC827F2224E8E6390081D245 /* CSIA */ = {
			isa = PBXGroup;
			children = (
				CC827F2324E8E6390081D245 /* AppDelegate.swift */,
				CC827F2524E8E6390081D245 /* SceneDelegate.swift */,
				CC827F2724E8E6390081D245 /* FirstViewController.swift */,
				CC827F2924E8E6390081D245 /* SecondViewController.swift */,
				CC827F2B24E8E6390081D245 /* Main.storyboard */,
				CC827F2E24E8E63B0081D245 /* Assets.xcassets */,
				CC827F3024E8E63B0081D245 /* LaunchScreen.storyboard */,
				CC827F3324E8E63B0081D245 /* Info.plist */,
			);
			path = CSIA;
			sourceTree = "<group>";
		};
/* End PBXGroup section */

/* Begin PBXNativeTarget section */
		CC827F1F24E8E6390081D245 /* CSIA */ = {
			isa = PBXNativeTarget;
			buildConfigurationList = CC827F3624E8E63B0081D245 /* Build configuration list for PBXNativeTarget "CSIA" */;
			buildPhases = (
				CC827F1C24E8E6390081D245 /* Sources */,
				CC827F1D24E8E6390081D245 /* Frameworks */,
				CC827F1E24E8E6390081D245 /* Resources */,
			);
			buildRules = (
			);
			dependencies = (
			);
			name = CSIA;
			productName = CSIA;
			productReference = CC827F2024E8E6390081D245 /* CSIA.app */;
			productType = "com.apple.product-type.application";
		};
/* End PBXNativeTarget section */

/* Begin PBXProject section */
		CC827F1824E8E6390081D245 /* Project object */ = {
			isa = PBXProject;
			attributes = {
				LastSwiftUpdateCheck = 1130;
				LastUpgradeCheck = 1130;
				ORGANIZATIONNAME = "Bernice Tse";
				TargetAttributes = {
					CC827F1F24E8E6390081D245 = {
						CreatedOnToolsVersion = 11.3.1;
					};
				};
			};
			buildConfigurationList = CC827F1B24E8E6390081D245 /* Build configuration list for PBXProject "CSIA" */;
			compatibilityVersion = "Xcode 9.3";
			developmentRegion = en;
			hasScannedForEncodings = 0;
			knownRegions = (
				en,
				Base,
			);
			mainGroup = CC827F1724E8E6390081D245;
			productRefGroup = CC827F2124E8E6390081D245 /* Products */;
			projectDirPath = "";
			projectRoot = "";
			targets = (
				CC827F1F24E8E6390081D245 /* CSIA */,
			);
		};
/* End PBXProject section */

/* Begin PBXResourcesBuildPhase section */
		CC827F1E24E8E6390081D245 /* Resources */ = {
			isa = PBXResourcesBuildPhase;
			buildActionMask = 2147483647;
			files = (
				CC827F3224E8E63B0081D245 /* LaunchScreen.storyboard in Resources */,
				CC827F2F24E8E63B0081D245 /* Assets.xcassets in Resources */,
				CC827F2D24E8E6390081D245 /* Main.storyboard in Resources */,
			);
			runOnlyForDeploymentPostprocessing = 0;
		};
/* End PBXResourcesBuildPhase section */

/* Begin PBXSourcesBuildPhase section */
		CC827F1C24E8E6390081D245 /* Sources */ = {
			isa = PBXSourcesBuildPhase;
			buildActionMask = 2147483647;
			files = (
				CC827F2A24E8E6390081D245 /* SecondViewController.swift in Sources */,
				CC827F2824E8E6390081D245 /* FirstViewController.swift in Sources */,
				CC827F2424E8E6390081D245 /* AppDelegate.swift in Sources */,
				CC827F2624E8E6390081D245 /* SceneDelegate.swift in Sources */,
			);
			runOnlyForDeploymentPostprocessing = 0;
		};
/* End PBXSourcesBuildPhase section */

/* Begin PBXVariantGroup section */
		CC827F2B24E8E6390081D245 /* Main.storyboard */ = {
			isa = PBXVariantGroup;
			children = (
				CC827F2C24E8E6390081D245 /* Base */,
			);
			name = Main.storyboard;
			sourceTree = "<group>";
		};
		CC827F3024E8E63B0081D245 /* LaunchScreen.storyboard */ = {
			isa = PBXVariantGroup;
			children = (
				CC827F3124E8E63B0081D245 /* Base */,
			);
			name = LaunchScreen.storyboard;
			sourceTree = "<group>";
		};
/* End PBXVariantGroup section */

/* Begin XCBuildConfiguration section */
		CC827F3424E8E63B0081D245 /* Debug */ = {
			isa = XCBuildConfiguration;
			buildSettings = {
				ALWAYS_SEARCH_USER_PATHS = NO;
				CLANG_ANALYZER_NONNULL = YES;
				CLANG_ANALYZER_NUMBER_OBJECT_CONVERSION = YES_AGGRESSIVE;
				CLANG_CXX_LANGUAGE_STANDARD = "gnu++14";
				CLANG_CXX_LIBRARY = "libc++";
				CLANG_ENABLE_MODULES = YES;
				CLANG_ENABLE_OBJC_ARC = YES;
				CLANG_ENABLE_OBJC_WEAK = YES;
				CLANG_WARN_BLOCK_CAPTURE_AUTORELEASING = YES;
				CLANG_WARN_BOOL_CONVERSION = YES;
				CLANG_WARN_COMMA = YES;
				CLANG_WARN_CONSTANT_CONVERSION = YES;
				CLANG_WARN_DEPRECATED_OBJC_IMPLEMENTATIONS = YES;
				CLANG_WARN_DIRECT_OBJC_ISA_USAGE = YES_ERROR;
				CLANG_WARN_DOCUMENTATION_COMMENTS = YES;
				CLANG_WARN_EMPTY_BODY = YES;
				CLANG_WARN_ENUM_CONVERSION = YES;
				CLANG_WARN_INFINITE_RECURSION = YES;
				CLANG_WARN_INT_CONVERSION = YES;
				CLANG_WARN_NON_LITERAL_NULL_CONVERSION = YES;
				CLANG_WARN_OBJC_IMPLICIT_RETAIN_SELF = YES;
				CLANG_WARN_OBJC_LITERAL_CONVERSION = YES;
				CLANG_WARN_OBJC_ROOT_CLASS = YES_ERROR;
				CLANG_WARN_RANGE_LOOP_ANALYSIS = YES;
				CLANG_WARN_STRICT_PROTOTYPES = YES;
				CLANG_WARN_SUSPICIOUS_MOVE = YES;
				CLANG_WARN_UNGUARDED_AVAILABILITY = YES_AGGRESSIVE;
				CLANG_WARN_UNREACHABLE_CODE = YES;
				CLANG_WARN__DUPLICATE_METHOD_MATCH = YES;
				COPY_PHASE_STRIP = NO;
				DEBUG_INFORMATION_FORMAT = dwarf;
				ENABLE_STRICT_OBJC_MSGSEND = YES;
				ENABLE_TESTABILITY = YES;
				GCC_C_LANGUAGE_STANDARD = gnu11;
				GCC_DYNAMIC_NO_PIC = NO;
				GCC_NO_COMMON_BLOCKS = YES;
				GCC_OPTIMIZATION_LEVEL = 0;
				GCC_PREPROCESSOR_DEFINITIONS = (
					"DEBUG=1",
					"$(inherited)",
				);
				GCC_WARN_64_TO_32_BIT_CONVERSION = YES;
				GCC_WARN_ABOUT_RETURN_TYPE = YES_ERROR;
				GCC_WARN_UNDECLARED_SELECTOR = YES;
				GCC_WARN_UNINITIALIZED_AUTOS = YES_AGGRESSIVE;
				GCC_WARN_UNUSED_FUNCTION = YES;
				GCC_WARN_UNUSED_VARIABLE = YES;
				IPHONEOS_DEPLOYMENT_TARGET = 13.2;
				MTL_ENABLE_DEBUG_INFO = INCLUDE_SOURCE;
				MTL_FAST_MATH = YES;
				ONLY_ACTIVE_ARCH = YES;
				SDKROOT = iphoneos;
				SWIFT_ACTIVE_COMPILATION_CONDITIONS = DEBUG;
				SWIFT_OPTIMIZATION_LEVEL = "-Onone";
			};
			name = Debug;
		};
		CC827F3524E8E63B0081D245 /* Release */ = {
			isa = XCBuildConfiguration;
			buildSettings = {
				ALWAYS_SEARCH_USER_PATHS = NO;
				CLANG_ANALYZER_NONNULL = YES;
				CLANG_ANALYZER_NUMBER_OBJECT_CONVERSION = YES_AGGRESSIVE;
				CLANG_CXX_LANGUAGE_STANDARD = "gnu++14";
				CLANG_CXX_LIBRARY = "libc++";
				CLANG_ENABLE_MODULES = YES;
				CLANG_ENABLE_OBJC_ARC = YES;
				CLANG_ENABLE_OBJC_WEAK = YES;
				CLANG_WARN_BLOCK_CAPTURE_AUTORELEASING = YES;
				CLANG_WARN_BOOL_CONVERSION = YES;
				CLANG_WARN_COMMA = YES;
				CLANG_WARN_CONSTANT_CONVERSION = YES;
				CLANG_WARN_DEPRECATED_OBJC_IMPLEMENTATIONS = YES;
				CLANG_WARN_DIRECT_OBJC_ISA_USAGE = YES_ERROR;
				CLANG_WARN_DOCUMENTATION_COMMENTS = YES;
				CLANG_WARN_EMPTY_BODY = YES;
				CLANG_WARN_ENUM_CONVERSION = YES;
				CLANG_WARN_INFINITE_RECURSION = YES;
				CLANG_WARN_INT_CONVERSION = YES;
				CLANG_WARN_NON_LITERAL_NULL_CONVERSION = YES;
				CLANG_WARN_OBJC_IMPLICIT_RETAIN_SELF = YES;
				CLANG_WARN_OBJC_LITERAL_CONVERSION = YES;
				CLANG_WARN_OBJC_ROOT_CLASS = YES_ERROR;
				CLANG_WARN_RANGE_LOOP_ANALYSIS = YES;
				CLANG_WARN_STRICT_PROTOTYPES = YES;
				CLANG_WARN_SUSPICIOUS_MOVE = YES;
				CLANG_WARN_UNGUARDED_AVAILABILITY = YES_AGGRESSIVE;
				CLANG_WARN_UNREACHABLE_CODE = YES;
				CLANG_WARN__DUPLICATE_METHOD_MATCH = YES;
				COPY_PHASE_STRIP = NO;
				DEBUG_INFORMATION_FORMAT = "dwarf-with-dsym";
				ENABLE_NS_ASSERTIONS = NO;
				ENABLE_STRICT_OBJC_MSGSEND = YES;
				GCC_C_LANGUAGE_STANDARD = gnu11;
				GCC_NO_COMMON_BLOCKS = YES;
				GCC_WARN_64_TO_32_BIT_CONVERSION = YES;
				GCC_WARN_ABOUT_RETURN_TYPE = YES_ERROR;
				GCC_WARN_UNDECLARED_SELECTOR = YES;
				GCC_WARN_UNINITIALIZED_AUTOS = YES_AGGRESSIVE;
				GCC_WARN_UNUSED_FUNCTION = YES;
				GCC_WARN_UNUSED_VARIABLE = YES;
				IPHONEOS_DEPLOYMENT_TARGET = 13.2;
				MTL_ENABLE_DEBUG_INFO = NO;
				MTL_FAST_MATH = YES;
				SDKROOT = iphoneos;
				SWIFT_COMPILATION_MODE = wholemodule;
				SWIFT_OPTIMIZATION_LEVEL = "-O";
				VALIDATE_PRODUCT = YES;
			};
			name = Release;
		};
		CC827F3724E8E63B0081D245 /* Debug */ = {
			isa = XCBuildConfiguration;
			buildSettings = {
				ASSETCATALOG_COMPILER_APPICON_NAME = AppIcon;
				CODE_SIGN_STYLE = Automatic;
				INFOPLIST_FILE = CSIA/Info.plist;
				LD_RUNPATH_SEARCH_PATHS = (
					"$(inherited)",
					"@executable_path/Frameworks",
				);
				PRODUCT_BUNDLE_IDENTIFIER = CIS.CSIA;
				PRODUCT_NAME = "$(TARGET_NAME)";
				SWIFT_VERSION = 5.0;
				TARGETED_DEVICE_FAMILY = "1,2";
			};
			name = Debug;
		};
		CC827F3824E8E63B0081D245 /* Release */ = {
			isa = XCBuildConfiguration;
			buildSettings = {
				ASSETCATALOG_COMPILER_APPICON_NAME = AppIcon;
				CODE_SIGN_STYLE = Automatic;
				INFOPLIST_FILE = CSIA/Info.plist;
				LD_RUNPATH_SEARCH_PATHS = (
					"$(inherited)",
					"@executable_path/Frameworks",
				);
				PRODUCT_BUNDLE_IDENTIFIER = CIS.CSIA;
				PRODUCT_NAME = "$(TARGET_NAME)";
				SWIFT_VERSION = 5.0;
				TARGETED_DEVICE_FAMILY = "1,2";
			};
			name = Release;
		};
/* End XCBuildConfiguration section */

/* Begin XCConfigurationList section */
		CC827F1B24E8E6390081D245 /* Build configuration list for PBXProject "CSIA" */ = {
			isa = XCConfigurationList;
			buildConfigurations = (
				CC827F3424E8E63B0081D245 /* Debug */,
				CC827F3524E8E63B0081D245 /* Release */,
			);
			defaultConfigurationIsVisible = 0;
			defaultConfigurationName = Release;
		};
		CC827F3624E8E63B0081D245 /* Build configuration list for PBXNativeTarget "CSIA" */ = {
			isa = XCConfigurationList;
			buildConfigurations = (
				CC827F3724E8E63B0081D245 /* Debug */,
				CC827F3824E8E63B0081D245 /* Release */,
			);
			defaultConfigurationIsVisible = 0;
			defaultConfigurationName = Release;
		};
/* End XCConfigurationList section */
	};
	rootObject = CC827F1824E8E6390081D245 /* Project object */;
}
